Microsoft Visual Studio Solution File, Format Version 12.00
# Visual Studio Version 17
VisualStudioVersion = 17.5.2.0
MinimumVisualStudioVersion = 10.0.40219.1
Project("{FAE04EC0-301F-11D3-BF4B-00C04F79EFBC}") = "schema-registry-api", "schema-registry-api.csproj", "{5347E669-77D6-86E5-B4BB-C37A7671CA48}"
EndProject
Global
	GlobalSection(SolutionConfigurationPlatforms) = preSolution
		Debug|Any CPU = Debug|Any CPU
		Release|Any CPU = Release|Any CPU
	EndGlobalSection
	GlobalSection(ProjectConfigurationPlatforms) = postSolution
		{5347E669-77D6-86E5-B4BB-C37A7671CA48}.Debug|Any CPU.ActiveCfg = Debug|Any CPU
		{5347E669-77D6-86E5-B4BB-C37A7671CA48}.Debug|Any CPU.Build.0 = Debug|Any CPU
		{5347E669-77D6-86E5-B4BB-C37A7671CA48}.Release|Any CPU.ActiveCfg = Release|Any CPU
		{5347E669-77D6-86E5-B4BB-C37A7671CA48}.Release|Any CPU.Build.0 = Release|Any CPU
	EndGlobalSection
	GlobalSection(SolutionProperties) = preSolution
		HideSolutionNode = FALSE
	EndGlobalSection
	GlobalSection(ExtensibilityGlobals) = postSolution
		SolutionGuid = {D4D379F1-2505-4CB9-83A1-CDC41BE477A0}
	EndGlobalSection
EndGlobal
